
Microsoft Visual Studio Solution File, Format Version 12.00
# Visual Studio 15
VisualStudioVersion = 15.0.28307.489
MinimumVisualStudioVersion = 10.0.40219.1
Project("{9A19103F-16F7-4668-BE54-9A1E7A4F7556}") = "ContosoCrmApp", "ContosoCrmApp\ContosoCrmApp.csproj", "{972E9D07-05FC-45E4-8B6C-AFF245AD40B2}"
EndProject
Project("{9A19103F-16F7-4668-BE54-9A1E7A4F7556}") = "ContosoCrm.Common", "ContosoCrm.Common\ContosoCrm.Common.csproj", "{8CB51846-8106-49FB-BDDF-BCA3B3F7FBBC}"
EndProject
Project("{9A19103F-16F7-4668-BE54-9A1E7A4F7556}") = "ContosoCrm.DataAccess", "ContosoCrm.DataAccess\ContosoCrm.DataAccess.csproj", "{5A6AE81A-C4EB-4476-A49F-3746977946BE}"
EndProject
Project("{2150E333-8FDC-42A3-9474-1A3956D46DE8}") = "Solution Items", "Solution Items", "{0EFE8AC5-6F5F-4FE3-8944-98220377B0B3}"
	ProjectSection(SolutionItems) = preProject
		ConsistencyLevels.png = ConsistencyLevels.png
		DotnetDockerImage-README.md = DotnetDockerImage-README.md
		IntelliJ Setup-README.md = IntelliJ Setup-README.md
		JavaSpringMaven-README.md = JavaSpringMaven-README.md
		README.md = README.md
	EndProjectSection
EndProject
Project("{9A19103F-16F7-4668-BE54-9A1E7A4F7556}") = "ContosoCrmApp21", "ContosoCrmApp21\ContosoCrmApp21.csproj", "{D7C46A4F-0B09-46EE-B017-8A312B509A26}"
EndProject
Project("{9A19103F-16F7-4668-BE54-9A1E7A4F7556}") = "ContosoCrm.Common21", "ContosoCrm.Common21\ContosoCrm.Common21.csproj", "{955A111F-C74E-459C-9093-3F856F7946AA}"
EndProject
Project("{9A19103F-16F7-4668-BE54-9A1E7A4F7556}") = "ContosoCrm.DataAccess21", "ContosoCrm.DataAccess21\ContosoCrm.DataAccess21.csproj", "{8BD45E30-1CED-428C-85EE-88C5D73A7E5B}"
EndProject
Project("{2150E333-8FDC-42A3-9474-1A3956D46DE8}") = "NetCore2.2", "NetCore2.2", "{5D7A8FBF-E4F2-4E9F-A265-A57647C132F2}"
EndProject
Project("{2150E333-8FDC-42A3-9474-1A3956D46DE8}") = "NetCore2.1", "NetCore2.1", "{C81045F3-E08A-4156-9B90-6C838BEE1228}"
EndProject
Project("{2150E333-8FDC-42A3-9474-1A3956D46DE8}") = "Angular2.1", "Angular2.1", "{2480E37E-620D-448F-96D6-775E92E64F9B}"
EndProject
Project("{9A19103F-16F7-4668-BE54-9A1E7A4F7556}") = "ContoCrmSPA", "ContoCrmSPA\ContoCrmSPA.csproj", "{EB58F232-5C4F-42FD-9E39-2B67777F3D40}"
EndProject
Project("{9A19103F-16F7-4668-BE54-9A1E7A4F7556}") = "ContosoCrmSPA.Service", "ContosoCrmSPA.Service\ContosoCrmSPA.Service.csproj", "{CBC3F89D-3CDB-4805-A7A8-FD8B023D5E94}"
EndProject
Global
	GlobalSection(SolutionConfigurationPlatforms) = preSolution
		Debug|Any CPU = Debug|Any CPU
		Release|Any CPU = Release|Any CPU
	EndGlobalSection
	GlobalSection(ProjectConfigurationPlatforms) = postSolution
		{972E9D07-05FC-45E4-8B6C-AFF245AD40B2}.Debug|Any CPU.ActiveCfg = Debug|Any CPU
		{972E9D07-05FC-45E4-8B6C-AFF245AD40B2}.Debug|Any CPU.Build.0 = Debug|Any CPU
		{972E9D07-05FC-45E4-8B6C-AFF245AD40B2}.Release|Any CPU.ActiveCfg = Release|Any CPU
		{972E9D07-05FC-45E4-8B6C-AFF245AD40B2}.Release|Any CPU.Build.0 = Release|Any CPU
		{8CB51846-8106-49FB-BDDF-BCA3B3F7FBBC}.Debug|Any CPU.ActiveCfg = Debug|Any CPU
		{8CB51846-8106-49FB-BDDF-BCA3B3F7FBBC}.Debug|Any CPU.Build.0 = Debug|Any CPU
		{8CB51846-8106-49FB-BDDF-BCA3B3F7FBBC}.Release|Any CPU.ActiveCfg = Release|Any CPU
		{8CB51846-8106-49FB-BDDF-BCA3B3F7FBBC}.Release|Any CPU.Build.0 = Release|Any CPU
		{5A6AE81A-C4EB-4476-A49F-3746977946BE}.Debug|Any CPU.ActiveCfg = Debug|Any CPU
		{5A6AE81A-C4EB-4476-A49F-3746977946BE}.Debug|Any CPU.Build.0 = Debug|Any CPU
		{5A6AE81A-C4EB-4476-A49F-3746977946BE}.Release|Any CPU.ActiveCfg = Release|Any CPU
		{5A6AE81A-C4EB-4476-A49F-3746977946BE}.Release|Any CPU.Build.0 = Release|Any CPU
		{D7C46A4F-0B09-46EE-B017-8A312B509A26}.Debug|Any CPU.ActiveCfg = Debug|Any CPU
		{D7C46A4F-0B09-46EE-B017-8A312B509A26}.Debug|Any CPU.Build.0 = Debug|Any CPU
		{D7C46A4F-0B09-46EE-B017-8A312B509A26}.Release|Any CPU.ActiveCfg = Release|Any CPU
		{D7C46A4F-0B09-46EE-B017-8A312B509A26}.Release|Any CPU.Build.0 = Release|Any CPU
		{955A111F-C74E-459C-9093-3F856F7946AA}.Debug|Any CPU.ActiveCfg = Debug|Any CPU
		{955A111F-C74E-459C-9093-3F856F7946AA}.Debug|Any CPU.Build.0 = Debug|Any CPU
		{955A111F-C74E-459C-9093-3F856F7946AA}.Release|Any CPU.ActiveCfg = Release|Any CPU
		{955A111F-C74E-459C-9093-3F856F7946AA}.Release|Any CPU.Build.0 = Release|Any CPU
		{8BD45E30-1CED-428C-85EE-88C5D73A7E5B}.Debug|Any CPU.ActiveCfg = Debug|Any CPU
		{8BD45E30-1CED-428C-85EE-88C5D73A7E5B}.Debug|Any CPU.Build.0 = Debug|Any CPU
		{8BD45E30-1CED-428C-85EE-88C5D73A7E5B}.Release|Any CPU.ActiveCfg = Release|Any CPU
		{8BD45E30-1CED-428C-85EE-88C5D73A7E5B}.Release|Any CPU.Build.0 = Release|Any CPU
		{EB58F232-5C4F-42FD-9E39-2B67777F3D40}.Debug|Any CPU.ActiveCfg = Debug|Any CPU
		{EB58F232-5C4F-42FD-9E39-2B67777F3D40}.Debug|Any CPU.Build.0 = Debug|Any CPU
		{EB58F232-5C4F-42FD-9E39-2B67777F3D40}.Release|Any CPU.ActiveCfg = Release|Any CPU
		{EB58F232-5C4F-42FD-9E39-2B67777F3D40}.Release|Any CPU.Build.0 = Release|Any CPU
		{CBC3F89D-3CDB-4805-A7A8-FD8B023D5E94}.Debug|Any CPU.ActiveCfg = Debug|Any CPU
		{CBC3F89D-3CDB-4805-A7A8-FD8B023D5E94}.Debug|Any CPU.Build.0 = Debug|Any CPU
		{CBC3F89D-3CDB-4805-A7A8-FD8B023D5E94}.Release|Any CPU.ActiveCfg = Release|Any CPU
		{CBC3F89D-3CDB-4805-A7A8-FD8B023D5E94}.Release|Any CPU.Build.0 = Release|Any CPU
	EndGlobalSection
	GlobalSection(SolutionProperties) = preSolution
		HideSolutionNode = FALSE
	EndGlobalSection
	GlobalSection(NestedProjects) = preSolution
		{972E9D07-05FC-45E4-8B6C-AFF245AD40B2} = {5D7A8FBF-E4F2-4E9F-A265-A57647C132F2}
		{8CB51846-8106-49FB-BDDF-BCA3B3F7FBBC} = {5D7A8FBF-E4F2-4E9F-A265-A57647C132F2}
		{5A6AE81A-C4EB-4476-A49F-3746977946BE} = {5D7A8FBF-E4F2-4E9F-A265-A57647C132F2}
		{D7C46A4F-0B09-46EE-B017-8A312B509A26} = {C81045F3-E08A-4156-9B90-6C838BEE1228}
		{955A111F-C74E-459C-9093-3F856F7946AA} = {C81045F3-E08A-4156-9B90-6C838BEE1228}
		{8BD45E30-1CED-428C-85EE-88C5D73A7E5B} = {C81045F3-E08A-4156-9B90-6C838BEE1228}
		{EB58F232-5C4F-42FD-9E39-2B67777F3D40} = {2480E37E-620D-448F-96D6-775E92E64F9B}
		{CBC3F89D-3CDB-4805-A7A8-FD8B023D5E94} = {2480E37E-620D-448F-96D6-775E92E64F9B}
	EndGlobalSection
	GlobalSection(ExtensibilityGlobals) = postSolution
		SolutionGuid = {1384807C-E4D4-42D0-BF32-9F70FA276632}
	EndGlobalSection
EndGlobal
